
Microsoft Visual Studio Solution File, Format Version 12.00
# Visual Studio Version 16
VisualStudioVersion = 16.0.30907.101
MinimumVisualStudioVersion = 10.0.40219.1
Project("{FAE04EC0-301F-11D3-BF4B-00C04F79EFBC}") = "FaceDetection", "FaceDetection\FaceDetection.csproj", "{FCD67CE4-E74C-4AF2-85D9-61FD33C6D911}"
EndProject
Global
	GlobalSection(SolutionConfigurationPlatforms) = preSolution
		Debug|Any CPU = Debug|Any CPU
		Release|Any CPU = Release|Any CPU
	EndGlobalSection
	GlobalSection(ProjectConfigurationPlatforms) = postSolution
		{FCD67CE4-E74C-4AF2-85D9-61FD33C6D911}.Debug|Any CPU.ActiveCfg = Debug|Any CPU
		{FCD67CE4-E74C-4AF2-85D9-61FD33C6D911}.Debug|Any CPU.Build.0 = Debug|Any CPU
		{FCD67CE4-E74C-4AF2-85D9-61FD33C6D911}.Release|Any CPU.ActiveCfg = Release|Any CPU
		{FCD67CE4-E74C-4AF2-85D9-61FD33C6D911}.Release|Any CPU.Build.0 = Release|Any CPU
	EndGlobalSection
	GlobalSection(SolutionProperties) = preSolution
		HideSolutionNode = FALSE
	EndGlobalSection
	GlobalSection(ExtensibilityGlobals) = postSolution
		SolutionGuid = {3918B31D-0A03-4B87-B4E8-BEB5FA9232EB}
	EndGlobalSection
EndGlobal
